
Microsoft Visual Studio Solution File, Format Version 12.00
# Visual Studio 15
Project("{FAE04EC0-301F-11D3-BF4B-00C04F79EFBC}") = "Sysinfo", "Sysinfo.csproj", "{1DDEEB19-0F81-414A-8554-DB4B4991B150}"
EndProject
Global
	GlobalSection(SolutionConfigurationPlatforms) = preSolution
		Debug|Any CPU = Debug|Any CPU
		Release|Any CPU = Release|Any CPU
	EndGlobalSection
	GlobalSection(ProjectConfigurationPlatforms) = postSolution
		{1DDEEB19-0F81-414A-8554-DB4B4991B150}.Debug|Any CPU.ActiveCfg = Debug|Any CPU
		{1DDEEB19-0F81-414A-8554-DB4B4991B150}.Debug|Any CPU.Build.0 = Debug|Any CPU
		{1DDEEB19-0F81-414A-8554-DB4B4991B150}.Release|Any CPU.ActiveCfg = Release|Any CPU
		{1DDEEB19-0F81-414A-8554-DB4B4991B150}.Release|Any CPU.Build.0 = Release|Any CPU
	EndGlobalSection
EndGlobal
